
Microsoft Visual Studio Solution File, Format Version 12.00
# Visual Studio Version 17
VisualStudioVersion = 17.11.35208.52
MinimumVisualStudioVersion = 10.0.40219.1
Project("{FAE04EC0-301F-11D3-BF4B-00C04F79EFBC}") = "GameProject", "GameProject.csproj", "{12D9C441-962D-433E-9D6B-AD83F0AFE62E}"
EndProject
Global
	GlobalSection(SolutionConfigurationPlatforms) = preSolution
		Debug|Any CPU = Debug|Any CPU
		Release|Any CPU = Release|Any CPU
	EndGlobalSection
	GlobalSection(ProjectConfigurationPlatforms) = postSolution
		{12D9C441-962D-433E-9D6B-AD83F0AFE62E}.Debug|Any CPU.ActiveCfg = Debug|Any CPU
		{12D9C441-962D-433E-9D6B-AD83F0AFE62E}.Debug|Any CPU.Build.0 = Debug|Any CPU
		{12D9C441-962D-433E-9D6B-AD83F0AFE62E}.Release|Any CPU.ActiveCfg = Release|Any CPU
		{12D9C441-962D-433E-9D6B-AD83F0AFE62E}.Release|Any CPU.Build.0 = Release|Any CPU
	EndGlobalSection
	GlobalSection(SolutionProperties) = preSolution
		HideSolutionNode = FALSE
	EndGlobalSection
	GlobalSection(ExtensibilityGlobals) = postSolution
		SolutionGuid = {AF8AD920-4B75-44BD-9928-807A00AFD4EE}
	EndGlobalSection
EndGlobal
